github.com/bufbuild/protovalidate v0.6.4 h1:yyQlfs1gZ/whZud3b9JIXYAXQea/W4Z1pwwAgS1deDw=
github.com/googleapis/googleapis v0.0.0-20240531201542-f65ad5f87d253c02e1d854aa48c096acc404215f h1:dEwsDfVyEeKTt4hiq4vElJLT5vy7DD3gnqmhufgsBYk=
github.com/grpc-ecosystem/grpc-gateway v2.20.0 h1:/ph0MlmEHKJQ1XUKWZFuI9cTAOfVXGD0WNMcCAbdnkM=
